
Microsoft Visual Studio Solution File, Format Version 12.00
# Visual Studio Version 17
VisualStudioVersion = 17.5.002.0
MinimumVisualStudioVersion = 10.0.40219.1
Project("{9A19103F-16F7-4668-BE54-9A1E7A4F7556}") = "app", "app.csproj", "{89AA6BFE-37F7-4BD9-A563-780BB1357C3A}"
EndProject
Global
	GlobalSection(SolutionConfigurationPlatforms) = preSolution
		Debug|Any CPU = Debug|Any CPU
		Release|Any CPU = Release|Any CPU
	EndGlobalSection
	GlobalSection(ProjectConfigurationPlatforms) = postSolution
		{89AA6BFE-37F7-4BD9-A563-780BB1357C3A}.Debug|Any CPU.ActiveCfg = Debug|Any CPU
		{89AA6BFE-37F7-4BD9-A563-780BB1357C3A}.Debug|Any CPU.Build.0 = Debug|Any CPU
		{89AA6BFE-37F7-4BD9-A563-780BB1357C3A}.Release|Any CPU.ActiveCfg = Release|Any CPU
		{89AA6BFE-37F7-4BD9-A563-780BB1357C3A}.Release|Any CPU.Build.0 = Release|Any CPU
	EndGlobalSection
	GlobalSection(SolutionProperties) = preSolution
		HideSolutionNode = FALSE
	EndGlobalSection
	GlobalSection(ExtensibilityGlobals) = postSolution
		SolutionGuid = {D5DEDC3C-174E-4FF3-8525-8F3B5C2203DA}
	EndGlobalSection
EndGlobal
